
Microsoft Visual Studio Solution File, Format Version 12.00
# Visual Studio 15
VisualStudioVersion = 15.0.28306.52
MinimumVisualStudioVersion = 10.0.40219.1
Project("{FAE04EC0-301F-11D3-BF4B-00C04F79EFBC}") = "Tnf.EventSourcing.EventStore", "Tnf.EventSourcing.EventStore\Tnf.EventSourcing.EventStore.csproj", "{7B4B4623-4D69-4BE1-BDC6-604CDCAA3272}"
EndProject
Project("{2150E333-8FDC-42A3-9474-1A3956D46DE8}") = "Solution Items", "Solution Items", "{F2F3F87C-E4F5-4227-BF17-D2CDB98349ED}"
	ProjectSection(SolutionItems) = preProject
		.editorconfig = .editorconfig
	EndProjectSection
EndProject
Project("{FAE04EC0-301F-11D3-BF4B-00C04F79EFBC}") = "Tnf.EventSourcing.EventStore.Tests", "Tnf.EventSourcing.EventStore.Tests\Tnf.EventSourcing.EventStore.Tests.csproj", "{113EC60D-60DD-4BFF-8AF6-66561B5C9FF7}"
EndProject
Project("{FAE04EC0-301F-11D3-BF4B-00C04F79EFBC}") = "Tnf.EventSourcing.Abstractions", "Tnf.EventSourcing.Abstractions\Tnf.EventSourcing.Abstractions.csproj", "{6BFB85C5-4C31-4B31-B761-2221B5582D9C}"
EndProject
Project("{2150E333-8FDC-42A3-9474-1A3956D46DE8}") = "src", "src", "{D7176714-02D0-4D5A-BAA1-2D5F012DC7C7}"
EndProject
Project("{2150E333-8FDC-42A3-9474-1A3956D46DE8}") = "tests", "tests", "{1B941589-0EA1-4BEA-B9A1-8E4C2B516649}"
EndProject
Global
	GlobalSection(SolutionConfigurationPlatforms) = preSolution
		Debug|Any CPU = Debug|Any CPU
		Release|Any CPU = Release|Any CPU
	EndGlobalSection
	GlobalSection(ProjectConfigurationPlatforms) = postSolution
		{7B4B4623-4D69-4BE1-BDC6-604CDCAA3272}.Debug|Any CPU.ActiveCfg = Debug|Any CPU
		{7B4B4623-4D69-4BE1-BDC6-604CDCAA3272}.Debug|Any CPU.Build.0 = Debug|Any CPU
		{7B4B4623-4D69-4BE1-BDC6-604CDCAA3272}.Release|Any CPU.ActiveCfg = Release|Any CPU
		{7B4B4623-4D69-4BE1-BDC6-604CDCAA3272}.Release|Any CPU.Build.0 = Release|Any CPU
		{113EC60D-60DD-4BFF-8AF6-66561B5C9FF7}.Debug|Any CPU.ActiveCfg = Debug|Any CPU
		{113EC60D-60DD-4BFF-8AF6-66561B5C9FF7}.Debug|Any CPU.Build.0 = Debug|Any CPU
		{113EC60D-60DD-4BFF-8AF6-66561B5C9FF7}.Release|Any CPU.ActiveCfg = Release|Any CPU
		{113EC60D-60DD-4BFF-8AF6-66561B5C9FF7}.Release|Any CPU.Build.0 = Release|Any CPU
		{6BFB85C5-4C31-4B31-B761-2221B5582D9C}.Debug|Any CPU.ActiveCfg = Debug|Any CPU
		{6BFB85C5-4C31-4B31-B761-2221B5582D9C}.Debug|Any CPU.Build.0 = Debug|Any CPU
		{6BFB85C5-4C31-4B31-B761-2221B5582D9C}.Release|Any CPU.ActiveCfg = Release|Any CPU
		{6BFB85C5-4C31-4B31-B761-2221B5582D9C}.Release|Any CPU.Build.0 = Release|Any CPU
	EndGlobalSection
	GlobalSection(SolutionProperties) = preSolution
		HideSolutionNode = FALSE
	EndGlobalSection
	GlobalSection(NestedProjects) = preSolution
		{7B4B4623-4D69-4BE1-BDC6-604CDCAA3272} = {D7176714-02D0-4D5A-BAA1-2D5F012DC7C7}
		{113EC60D-60DD-4BFF-8AF6-66561B5C9FF7} = {1B941589-0EA1-4BEA-B9A1-8E4C2B516649}
		{6BFB85C5-4C31-4B31-B761-2221B5582D9C} = {D7176714-02D0-4D5A-BAA1-2D5F012DC7C7}
	EndGlobalSection
	GlobalSection(ExtensibilityGlobals) = postSolution
		SolutionGuid = {5F41B163-4A63-4558-8646-8CA5616982AB}
	EndGlobalSection
EndGlobal
